
Microsoft Visual Studio Solution File, Format Version 12.00
# Visual Studio Version 17
VisualStudioVersion = 17.1.32210.238
MinimumVisualStudioVersion = 10.0.40219.1
Project("{FAE04EC0-301F-11D3-BF4B-00C04F79EFBC}") = "UTS", "UTS\UTS.csproj", "{CAE88454-F2E8-45B4-B538-5563470FF961}"
EndProject
Global
	GlobalSection(SolutionConfigurationPlatforms) = preSolution
		Debug|Any CPU = Debug|Any CPU
		Release|Any CPU = Release|Any CPU
	EndGlobalSection
	GlobalSection(ProjectConfigurationPlatforms) = postSolution
		{CAE88454-F2E8-45B4-B538-5563470FF961}.Debug|Any CPU.ActiveCfg = Debug|Any CPU
		{CAE88454-F2E8-45B4-B538-5563470FF961}.Debug|Any CPU.Build.0 = Debug|Any CPU
		{CAE88454-F2E8-45B4-B538-5563470FF961}.Release|Any CPU.ActiveCfg = Release|Any CPU
		{CAE88454-F2E8-45B4-B538-5563470FF961}.Release|Any CPU.Build.0 = Release|Any CPU
	EndGlobalSection
	GlobalSection(SolutionProperties) = preSolution
		HideSolutionNode = FALSE
	EndGlobalSection
	GlobalSection(ExtensibilityGlobals) = postSolution
		SolutionGuid = {02226A06-D1FA-4D17-A34C-014D0741A968}
	EndGlobalSection
EndGlobal
